// !$*UTF8*$!
{
	archiveVersion = 1;
	classes = {
	};
	objectVersion = 50;
	objects = {

/* Begin PBXBuildFile section */
		3CAB387421C5836A00ADDD6B /* AppDelegate.swift in Sources */ = {isa = PBXBuildFile; fileRef = 3CAB387321C5836A00ADDD6B /* AppDelegate.swift */; };
		3CAB387621C5836A00ADDD6B /* ViewController.swift in Sources */ = {isa = PBXBuildFile; fileRef = 3CAB387521C5836A00ADDD6B /* ViewController.swift */; };
		3CAB387921C5836A00ADDD6B /* Main.storyboard in Resources */ = {isa = PBXBuildFile; fileRef = 3CAB387721C5836A00ADDD6B /* Main.storyboard */; };
		3CAB387B21C5836B00ADDD6B /* Assets.xcassets in Resources */ = {isa = PBXBuildFile; fileRef = 3CAB387A21C5836B00ADDD6B /* Assets.xcassets */; };
		3CAB387E21C5836B00ADDD6B /* LaunchScreen.storyboard in Resources */ = {isa = PBXBuildFile; fileRef = 3CAB387C21C5836B00ADDD6B /* LaunchScreen.storyboard */; };
		3CAB388921C5836B00ADDD6B /* TipCalculatorTests.swift in Sources */ = {isa = PBXBuildFile; fileRef = 3CAB388821C5836B00ADDD6B /* TipCalculatorTests.swift */; };
		3CAB389421C5836B00ADDD6B /* TipCalculatorUITests.swift in Sources */ = {isa = PBXBuildFile; fileRef = 3CAB389321C5836B00ADDD6B /* TipCalculatorUITests.swift */; };
/* End PBXBuildFile section */

/* Begin PBXContainerItemProxy section */
		3CAB388521C5836B00ADDD6B /* PBXContainerItemProxy */ = {
			isa = PBXContainerItemProxy;
			containerPortal = 3CAB386821C5836A00ADDD6B /* Project object */;
			proxyType = 1;
			remoteGlobalIDString = 3CAB386F21C5836A00ADDD6B;
			remoteInfo = TipCalculator;
		};
		3CAB389021C5836B00ADDD6B /* PBXContainerItemProxy */ = {
			isa = PBXContainerItemProxy;
			containerPortal = 3CAB386821C5836A00ADDD6B /* Project object */;
			proxyType = 1;
			remoteGlobalIDString = 3CAB386F21C5836A00ADDD6B;
			remoteInfo = TipCalculator;
		};
/* End PBXContainerItemProxy section */

/* Begin PBXFileReference section */
		3CAB387021C5836A00ADDD6B /* TipCalculator.app */ = {isa = PBXFileReference; explicitFileType = wrapper.application; includeInIndex = 0; path = TipCalculator.app; sourceTree = BUILT_PRODUCTS_DIR; };
		3CAB387321C5836A00ADDD6B /* AppDelegate.swift */ = {isa = PBXFileReference; lastKnownFileType = sourcecode.swift; path = AppDelegate.swift; sourceTree = "<group>"; };
		3CAB387521C5836A00ADDD6B /* ViewController.swift */ = {isa = PBXFileReference; lastKnownFileType = sourcecode.swift; path = ViewController.swift; sourceTree = "<group>"; };
		3CAB387821C5836A00ADDD6B /* Base */ = {isa = PBXFileReference; lastKnownFileType = file.storyboard; name = Base; path = Base.lproj/Main.storyboard; sourceTree = "<group>"; };
		3CAB387A21C5836B00ADDD6B /* Assets.xcassets */ = {isa = PBXFileReference; lastKnownFileType = folder.assetcatalog; path = Assets.xcassets; sourceTree = "<group>"; };
		3CAB387D21C5836B00ADDD6B /* Base */ = {isa = PBXFileReference; lastKnownFileType = file.storyboard; name = Base; path = Base.lproj/LaunchScreen.storyboard; sourceTree = "<group>"; };
		3CAB387F21C5836B00ADDD6B /* Info.plist */ = {isa = PBXFileReference; lastKnownFileType = text.plist.xml; path = Info.plist; sourceTree = "<group>"; };
		3CAB388421C5836B00ADDD6B /* TipCalculatorTests.xctest */ = {isa = PBXFileReference; explicitFileType = wrapper.cfbundle; includeInIndex = 0; path = TipCalculatorTests.xctest; sourceTree = BUILT_PRODUCTS_DIR; };
		3CAB388821C5836B00ADDD6B /* TipCalculatorTests.swift */ = {isa = PBXFileReference; lastKnownFileType = sourcecode.swift; path = TipCalculatorTests.swift; sourceTree = "<group>"; };
		3CAB388A21C5836B00ADDD6B /* Info.plist */ = {isa = PBXFileReference; lastKnownFileType = text.plist.xml; path = Info.plist; sourceTree = "<group>"; };
		3CAB388F21C5836B00ADDD6B /* TipCalculatorUITests.xctest */ = {isa = PBXFileReference; explicitFileType = wrapper.cfbundle; includeInIndex = 0; path = TipCalculatorUITests.xctest; sourceTree = BUILT_PRODUCTS_DIR; };
		3CAB389321C5836B00ADDD6B /* TipCalculatorUITests.swift */ = {isa = PBXFileReference; lastKnownFileType = sourcecode.swift; path = TipCalculatorUITests.swift; sourceTree = "<group>"; };
		3CAB389521C5836B00ADDD6B /* Info.plist */ = {isa = PBXFileReference; lastKnownFileType = text.plist.xml; path = Info.plist; sourceTree = "<group>"; };
/* End PBXFileReference section */

/* Begin PBXFrameworksBuildPhase section */
		3CAB386D21C5836A00ADDD6B /* Frameworks */ = {
			isa = PBXFrameworksBuildPhase;
			buildActionMask = 2147483647;
			files = (
			);
			runOnlyForDeploymentPostprocessing = 0;
		};
		3CAB388121C5836B00ADDD6B /* Frameworks */ = {
			isa = PBXFrameworksBuildPhase;
			buildActionMask = 2147483647;
			files = (
			);
			runOnlyForDeploymentPostprocessing = 0;
		};
		3CAB388C21C5836B00ADDD6B /* Frameworks */ = {
			isa = PBXFrameworksBuildPhase;
			buildActionMask = 2147483647;
			files = (
			);
			runOnlyForDeploymentPostprocessing = 0;
		};
/* End PBXFrameworksBuildPhase section */

/* Begin PBXGroup section */
		3CAB386721C5836A00ADDD6B = {
			isa = PBXGroup;
			children = (
				3CAB387221C5836A00ADDD6B /* TipCalculator */,
				3CAB388721C5836B00ADDD6B /* TipCalculatorTests */,
				3CAB389221C5836B00ADDD6B /* TipCalculatorUITests */,
				3CAB387121C5836A00ADDD6B /* Products */,
			);
			sourceTree = "<group>";
		};
		3CAB387121C5836A00ADDD6B /* Products */ = {
			isa = PBXGroup;
			children = (
				3CAB387021C5836A00ADDD6B /* TipCalculator.app */,
				3CAB388421C5836B00ADDD6B /* TipCalculatorTests.xctest */,
				3CAB388F21C5836B00ADDD6B /* TipCalculatorUITests.xctest */,
			);
			name = Products;
			sourceTree = "<group>";
		};
		3CAB387221C5836A00ADDD6B /* TipCalculator */ = {
			isa = PBXGroup;
			children = (
				3CAB387321C5836A00ADDD6B /* AppDelegate.swift */,
				3CAB387521C5836A00ADDD6B /* ViewController.swift */,
				3CAB387721C5836A00ADDD6B /* Main.storyboard */,
				3CAB387A21C5836B00ADDD6B /* Assets.xcassets */,
				3CAB387C21C5836B00ADDD6B /* LaunchScreen.storyboard */,
				3CAB387F21C5836B00ADDD6B /* Info.plist */,
			);
			path = TipCalculator;
			sourceTree = "<group>";
		};
		3CAB388721C5836B00ADDD6B /* TipCalculatorTests */ = {
			isa = PBXGroup;
			children = (
				3CAB388821C5836B00ADDD6B /* TipCalculatorTests.swift */,
				3CAB388A21C5836B00ADDD6B /* Info.plist */,
			);
			path = TipCalculatorTests;
			sourceTree = "<group>";
		};
		3CAB389221C5836B00ADDD6B /* TipCalculatorUITests */ = {
			isa = PBXGroup;
			children = (
				3CAB389321C5836B00ADDD6B /* TipCalculatorUITests.swift */,
				3CAB389521C5836B00ADDD6B /* Info.plist */,
			);
			path = TipCalculatorUITests;
			sourceTree = "<group>";
		};
/* End PBXGroup section */

/* Begin PBXNativeTarget section */
		3CAB386F21C5836A00ADDD6B /* TipCalculator */ = {
			isa = PBXNativeTarget;
			buildConfigurationList = 3CAB389821C5836B00ADDD6B /* Build configuration list for PBXNativeTarget "TipCalculator" */;
			buildPhases = (
				3CAB386C21C5836A00ADDD6B /* Sources */,
				3CAB386D21C5836A00ADDD6B /* Frameworks */,
				3CAB386E21C5836A00ADDD6B /* Resources */,
			);
			buildRules = (
			);
			dependencies = (
			);
			name = TipCalculator;
			productName = TipCalculator;
			productReference = 3CAB387021C5836A00ADDD6B /* TipCalculator.app */;
			productType = "com.apple.product-type.application";
		};
		3CAB388321C5836B00ADDD6B /* TipCalculatorTests */ = {
			isa = PBXNativeTarget;
			buildConfigurationList = 3CAB389B21C5836B00ADDD6B /* Build configuration list for PBXNativeTarget "TipCalculatorTests" */;
			buildPhases = (
				3CAB388021C5836B00ADDD6B /* Sources */,
				3CAB388121C5836B00ADDD6B /* Frameworks */,
				3CAB388221C5836B00ADDD6B /* Resources */,
			);
			buildRules = (
			);
			dependencies = (
				3CAB388621C5836B00ADDD6B /* PBXTargetDependency */,
			);
			name = TipCalculatorTests;
			productName = TipCalculatorTests;
			productReference = 3CAB388421C5836B00ADDD6B /* TipCalculatorTests.xctest */;
			productType = "com.apple.product-type.bundle.unit-test";
		};
		3CAB388E21C5836B00ADDD6B /* TipCalculatorUITests */ = {
			isa = PBXNativeTarget;
			buildConfigurationList = 3CAB389E21C5836B00ADDD6B /* Build configuration list for PBXNativeTarget "TipCalculatorUITests" */;
			buildPhases = (
				3CAB388B21C5836B00ADDD6B /* Sources */,
				3CAB388C21C5836B00ADDD6B /* Frameworks */,
				3CAB388D21C5836B00ADDD6B /* Resources */,
			);
			buildRules = (
			);
			dependencies = (
				3CAB389121C5836B00ADDD6B /* PBXTargetDependency */,
			);
			name = TipCalculatorUITests;
			productName = TipCalculatorUITests;
			productReference = 3CAB388F21C5836B00ADDD6B /* TipCalculatorUITests.xctest */;
			productType = "com.apple.product-type.bundle.ui-testing";
		};
/* End PBXNativeTarget section */

/* Begin PBXProject section */
		3CAB386821C5836A00ADDD6B /* Project object */ = {
			isa = PBXProject;
			attributes = {
				LastSwiftUpdateCheck = 1010;
				LastUpgradeCheck = 1010;
				ORGANIZATIONNAME = "Kamrul Alam";
				TargetAttributes = {
					3CAB386F21C5836A00ADDD6B = {
						CreatedOnToolsVersion = 10.1;
					};
					3CAB388321C5836B00ADDD6B = {
						CreatedOnToolsVersion = 10.1;
						TestTargetID = 3CAB386F21C5836A00ADDD6B;
					};
					3CAB388E21C5836B00ADDD6B = {
						CreatedOnToolsVersion = 10.1;
						TestTargetID = 3CAB386F21C5836A00ADDD6B;
					};
				};
			};
			buildConfigurationList = 3CAB386B21C5836A00ADDD6B /* Build configuration list for PBXProject "TipCalculator" */;
			compatibilityVersion = "Xcode 9.3";
			developmentRegion = en;
			hasScannedForEncodings = 0;
			knownRegions = (
				en,
				Base,
			);
			mainGroup = 3CAB386721C5836A00ADDD6B;
			productRefGroup = 3CAB387121C5836A00ADDD6B /* Products */;
			projectDirPath = "";
			projectRoot = "";
			targets = (
				3CAB386F21C5836A00ADDD6B /* TipCalculator */,
				3CAB388321C5836B00ADDD6B /* TipCalculatorTests */,
				3CAB388E21C5836B00ADDD6B /* TipCalculatorUITests */,
			);
		};
/* End PBXProject section */

/* Begin PBXResourcesBuildPhase section */
		3CAB386E21C5836A00ADDD6B /* Resources */ = {
			isa = PBXResourcesBuildPhase;
			buildActionMask = 2147483647;
			files = (
				3CAB387E21C5836B00ADDD6B /* LaunchScreen.storyboard in Resources */,
				3CAB387B21C5836B00ADDD6B /* Assets.xcassets in Resources */,
				3CAB387921C5836A00ADDD6B /* Main.storyboard in Resources */,
			);
			runOnlyForDeploymentPostprocessing = 0;
		};
		3CAB388221C5836B00ADDD6B /* Resources */ = {
			isa = PBXResourcesBuildPhase;
			buildActionMask = 2147483647;
			files = (
			);
			runOnlyForDeploymentPostprocessing = 0;
		};
		3CAB388D21C5836B00ADDD6B /* Resources */ = {
			isa = PBXResourcesBuildPhase;
			buildActionMask = 2147483647;
			files = (
			);
			runOnlyForDeploymentPostprocessing = 0;
		};
/* End PBXResourcesBuildPhase section */

/* Begin PBXSourcesBuildPhase section */
		3CAB386C21C5836A00ADDD6B /* Sources */ = {
			isa = PBXSourcesBuildPhase;
			buildActionMask = 2147483647;
			files = (
				3CAB387621C5836A00ADDD6B /* ViewController.swift in Sources */,
				3CAB387421C5836A00ADDD6B /* AppDelegate.swift in Sources */,
			);
			runOnlyForDeploymentPostprocessing = 0;
		};
		3CAB388021C5836B00ADDD6B /* Sources */ = {
			isa = PBXSourcesBuildPhase;
			buildActionMask = 2147483647;
			files = (
				3CAB388921C5836B00ADDD6B /* TipCalculatorTests.swift in Sources */,
			);
			runOnlyForDeploymentPostprocessing = 0;
		};
		3CAB388B21C5836B00ADDD6B /* Sources */ = {
			isa = PBXSourcesBuildPhase;
			buildActionMask = 2147483647;
			files = (
				3CAB389421C5836B00ADDD6B /* TipCalculatorUITests.swift in Sources */,
			);
			runOnlyForDeploymentPostprocessing = 0;
		};
/* End PBXSourcesBuildPhase section */

/* Begin PBXTargetDependency section */
		3CAB388621C5836B00ADDD6B /* PBXTargetDependency */ = {
			isa = PBXTargetDependency;
			target = 3CAB386F21C5836A00ADDD6B /* TipCalculator */;
			targetProxy = 3CAB388521C5836B00ADDD6B /* PBXContainerItemProxy */;
		};
		3CAB389121C5836B00ADDD6B /* PBXTargetDependency */ = {
			isa = PBXTargetDependency;
			target = 3CAB386F21C5836A00ADDD6B /* TipCalculator */;
			targetProxy = 3CAB389021C5836B00ADDD6B /* PBXContainerItemProxy */;
		};
/* End PBXTargetDependency section */

/* Begin PBXVariantGroup section */
		3CAB387721C5836A00ADDD6B /* Main.storyboard */ = {
			isa = PBXVariantGroup;
			children = (
				3CAB387821C5836A00ADDD6B /* Base */,
			);
			name = Main.storyboard;
			sourceTree = "<group>";
		};
		3CAB387C21C5836B00ADDD6B /* LaunchScreen.storyboard */ = {
			isa = PBXVariantGroup;
			children = (
				3CAB387D21C5836B00ADDD6B /* Base */,
			);
			name = LaunchScreen.storyboard;
			sourceTree = "<group>";
		};
/* End PBXVariantGroup section */

/* Begin XCBuildConfiguration section */
		3CAB389621C5836B00ADDD6B /* Debug */ = {
			isa = XCBuildConfiguration;
			buildSettings = {
				ALWAYS_SEARCH_USER_PATHS = NO;
				CLANG_ANALYZER_NONNULL = YES;
				CLANG_ANALYZER_NUMBER_OBJECT_CONVERSION = YES_AGGRESSIVE;
				CLANG_CXX_LANGUAGE_STANDARD = "gnu++14";
				CLANG_CXX_LIBRARY = "libc++";
				CLANG_ENABLE_MODULES = YES;
				CLANG_ENABLE_OBJC_ARC = YES;
				CLANG_ENABLE_OBJC_WEAK = YES;
				CLANG_WARN_BLOCK_CAPTURE_AUTORELEASING = YES;
				CLANG_WARN_BOOL_CONVERSION = YES;
				CLANG_WARN_COMMA = YES;
				CLANG_WARN_CONSTANT_CONVERSION = YES;
				CLANG_WARN_DEPRECATED_OBJC_IMPLEMENTATIONS = YES;
				CLANG_WARN_DIRECT_OBJC_ISA_USAGE = YES_ERROR;
				CLANG_WARN_DOCUMENTATION_COMMENTS = YES;
				CLANG_WARN_EMPTY_BODY = YES;
				CLANG_WARN_ENUM_CONVERSION = YES;
				CLANG_WARN_INFINITE_RECURSION = YES;
				CLANG_WARN_INT_CONVERSION = YES;
				CLANG_WARN_NON_LITERAL_NULL_CONVERSION = YES;
				CLANG_WARN_OBJC_IMPLICIT_RETAIN_SELF = YES;
				CLANG_WARN_OBJC_LITERAL_CONVERSION = YES;
				CLANG_WARN_OBJC_ROOT_CLASS = YES_ERROR;
				CLANG_WARN_RANGE_LOOP_ANALYSIS = YES;
				CLANG_WARN_STRICT_PROTOTYPES = YES;
				CLANG_WARN_SUSPICIOUS_MOVE = YES;
				CLANG_WARN_UNGUARDED_AVAILABILITY = YES_AGGRESSIVE;
				CLANG_WARN_UNREACHABLE_CODE = YES;
				CLANG_WARN__DUPLICATE_METHOD_MATCH = YES;
				CODE_SIGN_IDENTITY = "iPhone Developer";
				COPY_PHASE_STRIP = NO;
				DEBUG_INFORMATION_FORMAT = dwarf;
				ENABLE_STRICT_OBJC_MSGSEND = YES;
				ENABLE_TESTABILITY = YES;
				GCC_C_LANGUAGE_STANDARD = gnu11;
				GCC_DYNAMIC_NO_PIC = NO;
				GCC_NO_COMMON_BLOCKS = YES;
				GCC_OPTIMIZATION_LEVEL = 0;
				GCC_PREPROCESSOR_DEFINITIONS = (
					"DEBUG=1",
					"$(inherited)",
				);
				GCC_WARN_64_TO_32_BIT_CONVERSION = YES;
				GCC_WARN_ABOUT_RETURN_TYPE = YES_ERROR;
				GCC_WARN_UNDECLARED_SELECTOR = YES;
				GCC_WARN_UNINITIALIZED_AUTOS = YES_AGGRESSIVE;
				GCC_WARN_UNUSED_FUNCTION = YES;
				GCC_WARN_UNUSED_VARIABLE = YES;
				IPHONEOS_DEPLOYMENT_TARGET = 12.1;
				MTL_ENABLE_DEBUG_INFO = INCLUDE_SOURCE;
				MTL_FAST_MATH = YES;
				ONLY_ACTIVE_ARCH = YES;
				SDKROOT = iphoneos;
				SWIFT_ACTIVE_COMPILATION_CONDITIONS = DEBUG;
				SWIFT_OPTIMIZATION_LEVEL = "-Onone";
			};
			name = Debug;
		};
		3CAB389721C5836B00ADDD6B /* Release */ = {
			isa = XCBuildConfiguration;
			buildSettings = {
				ALWAYS_SEARCH_USER_PATHS = NO;
				CLANG_ANALYZER_NONNULL = YES;
				CLANG_ANALYZER_NUMBER_OBJECT_CONVERSION = YES_AGGRESSIVE;
				CLANG_CXX_LANGUAGE_STANDARD = "gnu++14";
				CLANG_CXX_LIBRARY = "libc++";
				CLANG_ENABLE_MODULES = YES;
				CLANG_ENABLE_OBJC_ARC = YES;
				CLANG_ENABLE_OBJC_WEAK = YES;
				CLANG_WARN_BLOCK_CAPTURE_AUTORELEASING = YES;
				CLANG_WARN_BOOL_CONVERSION = YES;
				CLANG_WARN_COMMA = YES;
				CLANG_WARN_CONSTANT_CONVERSION = YES;
				CLANG_WARN_DEPRECATED_OBJC_IMPLEMENTATIONS = YES;
				CLANG_WARN_DIRECT_OBJC_ISA_USAGE = YES_ERROR;
				CLANG_WARN_DOCUMENTATION_COMMENTS = YES;
				CLANG_WARN_EMPTY_BODY = YES;
				CLANG_WARN_ENUM_CONVERSION = YES;
				CLANG_WARN_INFINITE_RECURSION = YES;
				CLANG_WARN_INT_CONVERSION = YES;
				CLANG_WARN_NON_LITERAL_NULL_CONVERSION = YES;
				CLANG_WARN_OBJC_IMPLICIT_RETAIN_SELF = YES;
				CLANG_WARN_OBJC_LITERAL_CONVERSION = YES;
				CLANG_WARN_OBJC_ROOT_CLASS = YES_ERROR;
				CLANG_WARN_RANGE_LOOP_ANALYSIS = YES;
				CLANG_WARN_STRICT_PROTOTYPES = YES;
				CLANG_WARN_SUSPICIOUS_MOVE = YES;
				CLANG_WARN_UNGUARDED_AVAILABILITY = YES_AGGRESSIVE;
				CLANG_WARN_UNREACHABLE_CODE = YES;
				CLANG_WARN__DUPLICATE_METHOD_MATCH = YES;
				CODE_SIGN_IDENTITY = "iPhone Developer";
				COPY_PHASE_STRIP = NO;
				DEBUG_INFORMATION_FORMAT = "dwarf-with-dsym";
				ENABLE_NS_ASSERTIONS = NO;
				ENABLE_STRICT_OBJC_MSGSEND = YES;
				GCC_C_LANGUAGE_STANDARD = gnu11;
				GCC_NO_COMMON_BLOCKS = YES;
				GCC_WARN_64_TO_32_BIT_CONVERSION = YES;
				GCC_WARN_ABOUT_RETURN_TYPE = YES_ERROR;
				GCC_WARN_UNDECLARED_SELECTOR = YES;
				GCC_WARN_UNINITIALIZED_AUTOS = YES_AGGRESSIVE;
				GCC_WARN_UNUSED_FUNCTION = YES;
				GCC_WARN_UNUSED_VARIABLE = YES;
				IPHONEOS_DEPLOYMENT_TARGET = 12.1;
				MTL_ENABLE_DEBUG_INFO = NO;
				MTL_FAST_MATH = YES;
				SDKROOT = iphoneos;
				SWIFT_COMPILATION_MODE = wholemodule;
				SWIFT_OPTIMIZATION_LEVEL = "-O";
				VALIDATE_PRODUCT = YES;
			};
			name = Release;
		};
		3CAB389921C5836B00ADDD6B /* Debug */ = {
			isa = XCBuildConfiguration;
			buildSettings = {
				ASSETCATALOG_COMPILER_APPICON_NAME = AppIcon;
				CODE_SIGN_STYLE = Automatic;
				INFOPLIST_FILE = TipCalculator/Info.plist;
				LD_RUNPATH_SEARCH_PATHS = (
					"$(inherited)",
					"@executable_path/Frameworks",
				);
				PRODUCT_BUNDLE_IDENTIFIER = com.kamrulalam08.TipCalculator;
				PRODUCT_NAME = "$(TARGET_NAME)";
				SWIFT_VERSION = 4.2;
				TARGETED_DEVICE_FAMILY = "1,2";
			};
			name = Debug;
		};
		3CAB389A21C5836B00ADDD6B /* Release */ = {
			isa = XCBuildConfiguration;
			buildSettings = {
				ASSETCATALOG_COMPILER_APPICON_NAME = AppIcon;
				CODE_SIGN_STYLE = Automatic;
				INFOPLIST_FILE = TipCalculator/Info.plist;
				LD_RUNPATH_SEARCH_PATHS = (
					"$(inherited)",
					"@executable_path/Frameworks",
				);
				PRODUCT_BUNDLE_IDENTIFIER = com.kamrulalam08.TipCalculator;
				PRODUCT_NAME = "$(TARGET_NAME)";
				SWIFT_VERSION = 4.2;
				TARGETED_DEVICE_FAMILY = "1,2";
			};
			name = Release;
		};
		3CAB389C21C5836B00ADDD6B /* Debug */ = {
			isa = XCBuildConfiguration;
			buildSettings = {
				ALWAYS_EMBED_SWIFT_STANDARD_LIBRARIES = YES;
				BUNDLE_LOADER = "$(TEST_HOST)";
				CODE_SIGN_STYLE = Automatic;
				INFOPLIST_FILE = TipCalculatorTests/Info.plist;
				LD_RUNPATH_SEARCH_PATHS = (
					"$(inherited)",
					"@executable_path/Frameworks",
					"@loader_path/Frameworks",
				);
				PRODUCT_BUNDLE_IDENTIFIER = com.kamrulalam08.TipCalculatorTests;
				PRODUCT_NAME = "$(TARGET_NAME)";
				SWIFT_VERSION = 4.2;
				TARGETED_DEVICE_FAMILY = "1,2";
				TEST_HOST = "$(BUILT_PRODUCTS_DIR)/TipCalculator.app/TipCalculator";
			};
			name = Debug;
		};
		3CAB389D21C5836B00ADDD6B /* Release */ = {
			isa = XCBuildConfiguration;
			buildSettings = {
				ALWAYS_EMBED_SWIFT_STANDARD_LIBRARIES = YES;
				BUNDLE_LOADER = "$(TEST_HOST)";
				CODE_SIGN_STYLE = Automatic;
				INFOPLIST_FILE = TipCalculatorTests/Info.plist;
				LD_RUNPATH_SEARCH_PATHS = (
					"$(inherited)",
					"@executable_path/Frameworks",
					"@loader_path/Frameworks",
				);
				PRODUCT_BUNDLE_IDENTIFIER = com.kamrulalam08.TipCalculatorTests;
				PRODUCT_NAME = "$(TARGET_NAME)";
				SWIFT_VERSION = 4.2;
				TARGETED_DEVICE_FAMILY = "1,2";
				TEST_HOST = "$(BUILT_PRODUCTS_DIR)/TipCalculator.app/TipCalculator";
			};
			name = Release;
		};
		3CAB389F21C5836B00ADDD6B /* Debug */ = {
			isa = XCBuildConfiguration;
			buildSettings = {
				ALWAYS_EMBED_SWIFT_STANDARD_LIBRARIES = YES;
				CODE_SIGN_STYLE = Automatic;
				INFOPLIST_FILE = TipCalculatorUITests/Info.plist;
				LD_RUNPATH_SEARCH_PATHS = (
					"$(inherited)",
					"@executable_path/Frameworks",
					"@loader_path/Frameworks",
				);
				PRODUCT_BUNDLE_IDENTIFIER = com.kamrulalam08.TipCalculatorUITests;
				PRODUCT_NAME = "$(TARGET_NAME)";
				SWIFT_VERSION = 4.2;
				TARGETED_DEVICE_FAMILY = "1,2";
				TEST_TARGET_NAME = TipCalculator;
			};
			name = Debug;
		};
		3CAB38A021C5836B00ADDD6B /* Release */ = {
			isa = XCBuildConfiguration;
			buildSettings = {
				ALWAYS_EMBED_SWIFT_STANDARD_LIBRARIES = YES;
				CODE_SIGN_STYLE = Automatic;
				INFOPLIST_FILE = TipCalculatorUITests/Info.plist;
				LD_RUNPATH_SEARCH_PATHS = (
					"$(inherited)",
					"@executable_path/Frameworks",
					"@loader_path/Frameworks",
				);
				PRODUCT_BUNDLE_IDENTIFIER = com.kamrulalam08.TipCalculatorUITests;
				PRODUCT_NAME = "$(TARGET_NAME)";
				SWIFT_VERSION = 4.2;
				TARGETED_DEVICE_FAMILY = "1,2";
				TEST_TARGET_NAME = TipCalculator;
			};
			name = Release;
		};
/* End XCBuildConfiguration section */

/* Begin XCConfigurationList section */
		3CAB386B21C5836A00ADDD6B /* Build configuration list for PBXProject "TipCalculator" */ = {
			isa = XCConfigurationList;
			buildConfigurations = (
				3CAB389621C5836B00ADDD6B /* Debug */,
				3CAB389721C5836B00ADDD6B /* Release */,
			);
			defaultConfigurationIsVisible = 0;
			defaultConfigurationName = Release;
		};
		3CAB389821C5836B00ADDD6B /* Build configuration list for PBXNativeTarget "TipCalculator" */ = {
			isa = XCConfigurationList;
			buildConfigurations = (
				3CAB389921C5836B00ADDD6B /* Debug */,
				3CAB389A21C5836B00ADDD6B /* Release */,
			);
			defaultConfigurationIsVisible = 0;
			defaultConfigurationName = Release;
		};
		3CAB389B21C5836B00ADDD6B /* Build configuration list for PBXNativeTarget "TipCalculatorTests" */ = {
			isa = XCConfigurationList;
			buildConfigurations = (
				3CAB389C21C5836B00ADDD6B /* Debug */,
				3CAB389D21C5836B00ADDD6B /* Release */,
			);
			defaultConfigurationIsVisible = 0;
			defaultConfigurationName = Release;
		};
		3CAB389E21C5836B00ADDD6B /* Build configuration list for PBXNativeTarget "TipCalculatorUITests" */ = {
			isa = XCConfigurationList;
			buildConfigurations = (
				3CAB389F21C5836B00ADDD6B /* Debug */,
				3CAB38A021C5836B00ADDD6B /* Release */,
			);
			defaultConfigurationIsVisible = 0;
			defaultConfigurationName = Release;
		};
/* End XCConfigurationList section */
	};
	rootObject = 3CAB386821C5836A00ADDD6B /* Project object */;
}
